
Microsoft Visual Studio Solution File, Format Version 12.00
# Visual Studio Version 17
VisualStudioVersion = 17.3.32929.385
MinimumVisualStudioVersion = 10.0.40219.1
Project("{FAE04EC0-301F-11D3-BF4B-00C04F79EFBC}") = "Check_Repetition_3", "Check_Repetition_3\Check_Repetition_3.csproj", "{46D0C192-3057-4C17-BECD-4F8750359F17}"
EndProject
Global
	GlobalSection(SolutionConfigurationPlatforms) = preSolution
		Debug|Any CPU = Debug|Any CPU
		Release|Any CPU = Release|Any CPU
	EndGlobalSection
	GlobalSection(ProjectConfigurationPlatforms) = postSolution
		{46D0C192-3057-4C17-BECD-4F8750359F17}.Debug|Any CPU.ActiveCfg = Debug|Any CPU
		{46D0C192-3057-4C17-BECD-4F8750359F17}.Debug|Any CPU.Build.0 = Debug|Any CPU
		{46D0C192-3057-4C17-BECD-4F8750359F17}.Release|Any CPU.ActiveCfg = Release|Any CPU
		{46D0C192-3057-4C17-BECD-4F8750359F17}.Release|Any CPU.Build.0 = Release|Any CPU
	EndGlobalSection
	GlobalSection(SolutionProperties) = preSolution
		HideSolutionNode = FALSE
	EndGlobalSection
	GlobalSection(ExtensibilityGlobals) = postSolution
		SolutionGuid = {CBBCD22D-FDC5-4DB3-8E0B-5364B032D820}
	EndGlobalSection
EndGlobal
